
Microsoft Visual Studio Solution File, Format Version 12.00
# Visual Studio Version 17
VisualStudioVersion = 17.0.31903.59
MinimumVisualStudioVersion = 10.0.40219.1
Project("{2150E333-8FDC-42A3-9474-1A3956D46DE8}") = "Api", "Api", "{ED61E7C1-248D-4643-AF11-AA07446EE679}"
EndProject
Project("{2150E333-8FDC-42A3-9474-1A3956D46DE8}") = "BuildingBlocks", "BuildingBlocks", "{DFA0518B-EF38-4342-AC99-4382D550DABE}"
EndProject
Project("{2150E333-8FDC-42A3-9474-1A3956D46DE8}") = "Services", "Services", "{C500770D-1FC6-4CA3-A1D0-29371E8803D8}"
EndProject
Project("{FAE04EC0-301F-11D3-BF4B-00C04F79EFBC}") = "BuildingBlocks", "BuildingBlocks\BuildingBlocks\BuildingBlocks.csproj", "{3C7B06B9-1D36-4628-917B-95D913C98387}"
EndProject
Project("{FAE04EC0-301F-11D3-BF4B-00C04F79EFBC}") = "BuildingBlocks.Messaging", "BuildingBlocks\BuildingBlocks.Messaging\BuildingBlocks.Messaging.csproj", "{211B670E-6893-41BD-9E48-FAF47C961651}"
EndProject
Project("{2150E333-8FDC-42A3-9474-1A3956D46DE8}") = "Catalog", "Catalog", "{567B3D99-6878-4474-9D26-A0CDD100A294}"
EndProject
Project("{2150E333-8FDC-42A3-9474-1A3956D46DE8}") = "Basket", "Basket", "{6738A7C0-0AD2-467D-B7FB-4017FDF065D4}"
EndProject
Project("{2150E333-8FDC-42A3-9474-1A3956D46DE8}") = "Ordering", "Ordering", "{D691A953-02E5-4ACE-8E33-DC9A2498C7ED}"
EndProject
Project("{2150E333-8FDC-42A3-9474-1A3956D46DE8}") = "Discount", "Discount", "{B2E5B879-D50E-4309-9C37-0C1EA9FA3361}"
EndProject
Project("{FAE04EC0-301F-11D3-BF4B-00C04F79EFBC}") = "Catalog.API", "Services\Catalog\Catalog.API\Catalog.API.csproj", "{04E2E57C-1977-4893-8114-30D30D1B3BAD}"
EndProject
Project("{2150E333-8FDC-42A3-9474-1A3956D46DE8}") = "UI", "UI", "{76CDEEA8-4FC2-4E63-A47E-C79DE4D605DB}"
EndProject
Project("{2150E333-8FDC-42A3-9474-1A3956D46DE8}") = "Tests", "Tests", "{9D15E5D1-E108-413E-A5E0-B632B30064AC}"
EndProject
Project("{FAE04EC0-301F-11D3-BF4B-00C04F79EFBC}") = "ClassLibrary1", "Tests\ClassLibrary1\ClassLibrary1.csproj", "{89B44451-D7D1-47AF-AEBD-64B4B990DE5F}"
EndProject
Project("{2150E333-8FDC-42A3-9474-1A3956D46DE8}") = "Customers", "Customers", "{9FC0430E-4912-48A3-AF99-1865A5738290}"
EndProject
Project("{FAE04EC0-301F-11D3-BF4B-00C04F79EFBC}") = "Customers.API", "Services\Customers\Customers.API\Customers.API.csproj", "{5089288C-5C31-4A6E-9B17-109AEBFC8C85}"
EndProject
Project("{FAE04EC0-301F-11D3-BF4B-00C04F79EFBC}") = "Customers.Domain", "Services\Customers\Customers.Domain\Customers.Domain.csproj", "{776BF0AA-56CF-441E-9E9C-9ACD6DBE58A6}"
EndProject
Project("{FAE04EC0-301F-11D3-BF4B-00C04F79EFBC}") = "Customers.Application", "Services\Customers\Customers.Application\Customers.Application.csproj", "{64A91149-CC41-464A-8229-9706CD005D60}"
EndProject
Project("{E53339B2-1760-4266-BCC7-CA923CBCF16C}") = "docker-compose", "docker-compose.dcproj", "{BC6B1037-41F3-469C-9A3C-A9DAE1AA08DD}"
EndProject
Project("{2150E333-8FDC-42A3-9474-1A3956D46DE8}") = "Solution Items", "Solution Items", "{00D74DFB-568F-4BFC-B5E6-83C9D9C72F4E}"
	ProjectSection(SolutionItems) = preProject
		BoundedContextExample.txt = BoundedContextExample.txt
		..\..\..\Training\MicroserviceTraining.postman_collection.json = ..\..\..\Training\MicroserviceTraining.postman_collection.json
	EndProjectSection
EndProject
Global
	GlobalSection(SolutionConfigurationPlatforms) = preSolution
		Debug|Any CPU = Debug|Any CPU
		Release|Any CPU = Release|Any CPU
	EndGlobalSection
	GlobalSection(ProjectConfigurationPlatforms) = postSolution
		{3C7B06B9-1D36-4628-917B-95D913C98387}.Debug|Any CPU.ActiveCfg = Debug|Any CPU
		{3C7B06B9-1D36-4628-917B-95D913C98387}.Debug|Any CPU.Build.0 = Debug|Any CPU
		{3C7B06B9-1D36-4628-917B-95D913C98387}.Release|Any CPU.ActiveCfg = Release|Any CPU
		{3C7B06B9-1D36-4628-917B-95D913C98387}.Release|Any CPU.Build.0 = Release|Any CPU
		{211B670E-6893-41BD-9E48-FAF47C961651}.Debug|Any CPU.ActiveCfg = Debug|Any CPU
		{211B670E-6893-41BD-9E48-FAF47C961651}.Debug|Any CPU.Build.0 = Debug|Any CPU
		{211B670E-6893-41BD-9E48-FAF47C961651}.Release|Any CPU.ActiveCfg = Release|Any CPU
		{211B670E-6893-41BD-9E48-FAF47C961651}.Release|Any CPU.Build.0 = Release|Any CPU
		{04E2E57C-1977-4893-8114-30D30D1B3BAD}.Debug|Any CPU.ActiveCfg = Debug|Any CPU
		{04E2E57C-1977-4893-8114-30D30D1B3BAD}.Debug|Any CPU.Build.0 = Debug|Any CPU
		{04E2E57C-1977-4893-8114-30D30D1B3BAD}.Release|Any CPU.ActiveCfg = Release|Any CPU
		{04E2E57C-1977-4893-8114-30D30D1B3BAD}.Release|Any CPU.Build.0 = Release|Any CPU
		{89B44451-D7D1-47AF-AEBD-64B4B990DE5F}.Debug|Any CPU.ActiveCfg = Debug|Any CPU
		{89B44451-D7D1-47AF-AEBD-64B4B990DE5F}.Debug|Any CPU.Build.0 = Debug|Any CPU
		{89B44451-D7D1-47AF-AEBD-64B4B990DE5F}.Release|Any CPU.ActiveCfg = Release|Any CPU
		{89B44451-D7D1-47AF-AEBD-64B4B990DE5F}.Release|Any CPU.Build.0 = Release|Any CPU
		{5089288C-5C31-4A6E-9B17-109AEBFC8C85}.Debug|Any CPU.ActiveCfg = Debug|Any CPU
		{5089288C-5C31-4A6E-9B17-109AEBFC8C85}.Debug|Any CPU.Build.0 = Debug|Any CPU
		{5089288C-5C31-4A6E-9B17-109AEBFC8C85}.Release|Any CPU.ActiveCfg = Release|Any CPU
		{5089288C-5C31-4A6E-9B17-109AEBFC8C85}.Release|Any CPU.Build.0 = Release|Any CPU
		{776BF0AA-56CF-441E-9E9C-9ACD6DBE58A6}.Debug|Any CPU.ActiveCfg = Debug|Any CPU
		{776BF0AA-56CF-441E-9E9C-9ACD6DBE58A6}.Debug|Any CPU.Build.0 = Debug|Any CPU
		{776BF0AA-56CF-441E-9E9C-9ACD6DBE58A6}.Release|Any CPU.ActiveCfg = Release|Any CPU
		{776BF0AA-56CF-441E-9E9C-9ACD6DBE58A6}.Release|Any CPU.Build.0 = Release|Any CPU
		{64A91149-CC41-464A-8229-9706CD005D60}.Debug|Any CPU.ActiveCfg = Debug|Any CPU
		{64A91149-CC41-464A-8229-9706CD005D60}.Debug|Any CPU.Build.0 = Debug|Any CPU
		{64A91149-CC41-464A-8229-9706CD005D60}.Release|Any CPU.ActiveCfg = Release|Any CPU
		{64A91149-CC41-464A-8229-9706CD005D60}.Release|Any CPU.Build.0 = Release|Any CPU
		{BC6B1037-41F3-469C-9A3C-A9DAE1AA08DD}.Debug|Any CPU.ActiveCfg = Debug|Any CPU
		{BC6B1037-41F3-469C-9A3C-A9DAE1AA08DD}.Debug|Any CPU.Build.0 = Debug|Any CPU
		{BC6B1037-41F3-469C-9A3C-A9DAE1AA08DD}.Release|Any CPU.ActiveCfg = Release|Any CPU
		{BC6B1037-41F3-469C-9A3C-A9DAE1AA08DD}.Release|Any CPU.Build.0 = Release|Any CPU
	EndGlobalSection
	GlobalSection(SolutionProperties) = preSolution
		HideSolutionNode = FALSE
	EndGlobalSection
	GlobalSection(NestedProjects) = preSolution
		{3C7B06B9-1D36-4628-917B-95D913C98387} = {DFA0518B-EF38-4342-AC99-4382D550DABE}
		{211B670E-6893-41BD-9E48-FAF47C961651} = {DFA0518B-EF38-4342-AC99-4382D550DABE}
		{567B3D99-6878-4474-9D26-A0CDD100A294} = {C500770D-1FC6-4CA3-A1D0-29371E8803D8}
		{6738A7C0-0AD2-467D-B7FB-4017FDF065D4} = {C500770D-1FC6-4CA3-A1D0-29371E8803D8}
		{D691A953-02E5-4ACE-8E33-DC9A2498C7ED} = {C500770D-1FC6-4CA3-A1D0-29371E8803D8}
		{B2E5B879-D50E-4309-9C37-0C1EA9FA3361} = {C500770D-1FC6-4CA3-A1D0-29371E8803D8}
		{04E2E57C-1977-4893-8114-30D30D1B3BAD} = {567B3D99-6878-4474-9D26-A0CDD100A294}
		{89B44451-D7D1-47AF-AEBD-64B4B990DE5F} = {9D15E5D1-E108-413E-A5E0-B632B30064AC}
		{9FC0430E-4912-48A3-AF99-1865A5738290} = {C500770D-1FC6-4CA3-A1D0-29371E8803D8}
		{5089288C-5C31-4A6E-9B17-109AEBFC8C85} = {9FC0430E-4912-48A3-AF99-1865A5738290}
		{776BF0AA-56CF-441E-9E9C-9ACD6DBE58A6} = {9FC0430E-4912-48A3-AF99-1865A5738290}
		{64A91149-CC41-464A-8229-9706CD005D60} = {9FC0430E-4912-48A3-AF99-1865A5738290}
	EndGlobalSection
EndGlobal
